
Microsoft Visual Studio Solution File, Format Version 12.00
# Visual Studio Version 17
VisualStudioVersion = 17.3.32922.545
MinimumVisualStudioVersion = 10.0.40219.1
Project("{9A19103F-16F7-4668-BE54-9A1E7A4F7556}") = "CSharp_Algorithm", "CSharp_Algorithm\CSharp_Algorithm.csproj", "{93DD3A12-E90E-4C5E-8BB8-54928A181888}"
EndProject
Project("{9A19103F-16F7-4668-BE54-9A1E7A4F7556}") = "LinkedList", "LinkedList\LinkedList.csproj", "{7ACC93D5-F7F6-458C-85C3-93DFD7BF1F15}"
EndProject
Project("{9A19103F-16F7-4668-BE54-9A1E7A4F7556}") = "03. Iterator", "03. Iterator\03. Iterator.csproj", "{8B3E3E56-D0F6-4EEC-8981-4531B28011BC}"
EndProject
Project("{9A19103F-16F7-4668-BE54-9A1E7A4F7556}") = "230421", "230421\230421.csproj", "{E8328E78-34C2-45A3-9804-7E6E9C2314C8}"
EndProject
Project("{9A19103F-16F7-4668-BE54-9A1E7A4F7556}") = "230424 PriorityQueue", "230424 PriorityQueue\230424 PriorityQueue.csproj", "{B89B303D-C7BC-4D3B-BC4B-7F0E3B1B0699}"
EndProject
Project("{9A19103F-16F7-4668-BE54-9A1E7A4F7556}") = "230425 BinarySearchTree", "230425 BinarySearchTree\230425 BinarySearchTree.csproj", "{2E7B0D09-5673-4C0A-96DE-2442B89E816E}"
EndProject
Project("{9A19103F-16F7-4668-BE54-9A1E7A4F7556}") = "230426 HashTable", "230426 HashTable\230426 HashTable.csproj", "{FD727CD3-8D5D-4800-A26A-720703CB1790}"
EndProject
Project("{2150E333-8FDC-42A3-9474-1A3956D46DE8}") = "230427", "230427", "{1AF2FB5A-CEFC-44C5-B3A2-4DFB098D00F4}"
EndProject
Project("{9A19103F-16F7-4668-BE54-9A1E7A4F7556}") = "Hanoi", "Hanoi\Hanoi.csproj", "{74AD6AB5-F956-40F9-997A-6DE12BF545B6}"
EndProject
Project("{FAE04EC0-301F-11D3-BF4B-00C04F79EFBC}") = "NandM3", "NandM3\NandM3.csproj", "{E86478E6-6FB2-4DEF-B96D-AA5967466464}"
EndProject
Global
	GlobalSection(SolutionConfigurationPlatforms) = preSolution
		Debug|Any CPU = Debug|Any CPU
		Release|Any CPU = Release|Any CPU
	EndGlobalSection
	GlobalSection(ProjectConfigurationPlatforms) = postSolution
		{93DD3A12-E90E-4C5E-8BB8-54928A181888}.Debug|Any CPU.ActiveCfg = Debug|Any CPU
		{93DD3A12-E90E-4C5E-8BB8-54928A181888}.Debug|Any CPU.Build.0 = Debug|Any CPU
		{93DD3A12-E90E-4C5E-8BB8-54928A181888}.Release|Any CPU.ActiveCfg = Release|Any CPU
		{93DD3A12-E90E-4C5E-8BB8-54928A181888}.Release|Any CPU.Build.0 = Release|Any CPU
		{7ACC93D5-F7F6-458C-85C3-93DFD7BF1F15}.Debug|Any CPU.ActiveCfg = Debug|Any CPU
		{7ACC93D5-F7F6-458C-85C3-93DFD7BF1F15}.Debug|Any CPU.Build.0 = Debug|Any CPU
		{7ACC93D5-F7F6-458C-85C3-93DFD7BF1F15}.Release|Any CPU.ActiveCfg = Release|Any CPU
		{7ACC93D5-F7F6-458C-85C3-93DFD7BF1F15}.Release|Any CPU.Build.0 = Release|Any CPU
		{8B3E3E56-D0F6-4EEC-8981-4531B28011BC}.Debug|Any CPU.ActiveCfg = Debug|Any CPU
		{8B3E3E56-D0F6-4EEC-8981-4531B28011BC}.Debug|Any CPU.Build.0 = Debug|Any CPU
		{8B3E3E56-D0F6-4EEC-8981-4531B28011BC}.Release|Any CPU.ActiveCfg = Release|Any CPU
		{8B3E3E56-D0F6-4EEC-8981-4531B28011BC}.Release|Any CPU.Build.0 = Release|Any CPU
		{E8328E78-34C2-45A3-9804-7E6E9C2314C8}.Debug|Any CPU.ActiveCfg = Debug|Any CPU
		{E8328E78-34C2-45A3-9804-7E6E9C2314C8}.Debug|Any CPU.Build.0 = Debug|Any CPU
		{E8328E78-34C2-45A3-9804-7E6E9C2314C8}.Release|Any CPU.ActiveCfg = Release|Any CPU
		{E8328E78-34C2-45A3-9804-7E6E9C2314C8}.Release|Any CPU.Build.0 = Release|Any CPU
		{B89B303D-C7BC-4D3B-BC4B-7F0E3B1B0699}.Debug|Any CPU.ActiveCfg = Debug|Any CPU
		{B89B303D-C7BC-4D3B-BC4B-7F0E3B1B0699}.Debug|Any CPU.Build.0 = Debug|Any CPU
		{B89B303D-C7BC-4D3B-BC4B-7F0E3B1B0699}.Release|Any CPU.ActiveCfg = Release|Any CPU
		{B89B303D-C7BC-4D3B-BC4B-7F0E3B1B0699}.Release|Any CPU.Build.0 = Release|Any CPU
		{2E7B0D09-5673-4C0A-96DE-2442B89E816E}.Debug|Any CPU.ActiveCfg = Debug|Any CPU
		{2E7B0D09-5673-4C0A-96DE-2442B89E816E}.Debug|Any CPU.Build.0 = Debug|Any CPU
		{2E7B0D09-5673-4C0A-96DE-2442B89E816E}.Release|Any CPU.ActiveCfg = Release|Any CPU
		{2E7B0D09-5673-4C0A-96DE-2442B89E816E}.Release|Any CPU.Build.0 = Release|Any CPU
		{FD727CD3-8D5D-4800-A26A-720703CB1790}.Debug|Any CPU.ActiveCfg = Debug|Any CPU
		{FD727CD3-8D5D-4800-A26A-720703CB1790}.Debug|Any CPU.Build.0 = Debug|Any CPU
		{FD727CD3-8D5D-4800-A26A-720703CB1790}.Release|Any CPU.ActiveCfg = Release|Any CPU
		{FD727CD3-8D5D-4800-A26A-720703CB1790}.Release|Any CPU.Build.0 = Release|Any CPU
		{74AD6AB5-F956-40F9-997A-6DE12BF545B6}.Debug|Any CPU.ActiveCfg = Debug|Any CPU
		{74AD6AB5-F956-40F9-997A-6DE12BF545B6}.Debug|Any CPU.Build.0 = Debug|Any CPU
		{74AD6AB5-F956-40F9-997A-6DE12BF545B6}.Release|Any CPU.ActiveCfg = Release|Any CPU
		{74AD6AB5-F956-40F9-997A-6DE12BF545B6}.Release|Any CPU.Build.0 = Release|Any CPU
		{E86478E6-6FB2-4DEF-B96D-AA5967466464}.Debug|Any CPU.ActiveCfg = Debug|Any CPU
		{E86478E6-6FB2-4DEF-B96D-AA5967466464}.Debug|Any CPU.Build.0 = Debug|Any CPU
		{E86478E6-6FB2-4DEF-B96D-AA5967466464}.Release|Any CPU.ActiveCfg = Release|Any CPU
		{E86478E6-6FB2-4DEF-B96D-AA5967466464}.Release|Any CPU.Build.0 = Release|Any CPU
	EndGlobalSection
	GlobalSection(SolutionProperties) = preSolution
		HideSolutionNode = FALSE
	EndGlobalSection
	GlobalSection(NestedProjects) = preSolution
		{74AD6AB5-F956-40F9-997A-6DE12BF545B6} = {1AF2FB5A-CEFC-44C5-B3A2-4DFB098D00F4}
		{E86478E6-6FB2-4DEF-B96D-AA5967466464} = {1AF2FB5A-CEFC-44C5-B3A2-4DFB098D00F4}
	EndGlobalSection
	GlobalSection(ExtensibilityGlobals) = postSolution
		SolutionGuid = {7C05A8BA-87AF-43DD-B9E5-2FD56D760BE5}
	EndGlobalSection
EndGlobal
